// !$*UTF8*$!
{
	archiveVersion = 1;
	classes = {
	};
	objectVersion = 51;
	objects = {

/* Begin PBXBuildFile section */
		65C17A1E81A7883BC65C6D3C /* Pods_NotesAppTests.framework in Frameworks */ = {isa = PBXBuildFile; fileRef = 818DBD9779BE1181B2A8C785 /* Pods_NotesAppTests.framework */; };
		740D617724802EF2005F9BC5 /* NotesListViewModel.swift in Sources */ = {isa = PBXBuildFile; fileRef = 740D617624802EF2005F9BC5 /* NotesListViewModel.swift */; };
		740D617924802EFF005F9BC5 /* NotesListCoordinator.swift in Sources */ = {isa = PBXBuildFile; fileRef = 740D617824802EFF005F9BC5 /* NotesListCoordinator.swift */; };
		740D617B24802F0D005F9BC5 /* NotesDetailsCoordinator.swift in Sources */ = {isa = PBXBuildFile; fileRef = 740D617A24802F0D005F9BC5 /* NotesDetailsCoordinator.swift */; };
		740D617D24802F19005F9BC5 /* NotesDetailsViewModel.swift in Sources */ = {isa = PBXBuildFile; fileRef = 740D617C24802F19005F9BC5 /* NotesDetailsViewModel.swift */; };
		740D617F24802F29005F9BC5 /* NotesDetailsViewController.swift in Sources */ = {isa = PBXBuildFile; fileRef = 740D617E24802F29005F9BC5 /* NotesDetailsViewController.swift */; };
		740D618124802F96005F9BC5 /* CreateNoteCoordinator.swift in Sources */ = {isa = PBXBuildFile; fileRef = 740D618024802F96005F9BC5 /* CreateNoteCoordinator.swift */; };
		740D618324802FA3005F9BC5 /* CreateNoteViewModel.swift in Sources */ = {isa = PBXBuildFile; fileRef = 740D618224802FA3005F9BC5 /* CreateNoteViewModel.swift */; };
		740D618524802FB0005F9BC5 /* CreateNoteViewController.swift in Sources */ = {isa = PBXBuildFile; fileRef = 740D618424802FB0005F9BC5 /* CreateNoteViewController.swift */; };
		740D6188248030F2005F9BC5 /* R.generated.swift in Sources */ = {isa = PBXBuildFile; fileRef = 740D6187248030F2005F9BC5 /* R.generated.swift */; };
		740D618B248046FD005F9BC5 /* ColorCatalog.xcassets in Resources */ = {isa = PBXBuildFile; fileRef = 740D618A248046FD005F9BC5 /* ColorCatalog.xcassets */; };
		740D62D0248048FB005F9BC5 /* Localizable.strings in Resources */ = {isa = PBXBuildFile; fileRef = 740D62D2248048FB005F9BC5 /* Localizable.strings */; };
		74343F1124828F5C00D71C7D /* UserDefaultsManager.swift in Sources */ = {isa = PBXBuildFile; fileRef = 74343F1024828F5C00D71C7D /* UserDefaultsManager.swift */; };
		74343F1324828FA800D71C7D /* Note.swift in Sources */ = {isa = PBXBuildFile; fileRef = 74343F1224828FA800D71C7D /* Note.swift */; };
		74343F162482983600D71C7D /* MockUserDefaults.swift in Sources */ = {isa = PBXBuildFile; fileRef = 74343F152482983600D71C7D /* MockUserDefaults.swift */; };
		74343F1824829C2600D71C7D /* UserDefaultsManagerTests.swift in Sources */ = {isa = PBXBuildFile; fileRef = 74343F1724829C2600D71C7D /* UserDefaultsManagerTests.swift */; };
		74343F1A2482BD3A00D71C7D /* NotesListViewModelTests.swift in Sources */ = {isa = PBXBuildFile; fileRef = 74343F192482BD3A00D71C7D /* NotesListViewModelTests.swift */; };
		74343FBB2482D95E00D71C7D /* TableRefresh.swift in Sources */ = {isa = PBXBuildFile; fileRef = 74343FBA2482D95E00D71C7D /* TableRefresh.swift */; };
		74343FBE2482EC0C00D71C7D /* NotesListDelegate.swift in Sources */ = {isa = PBXBuildFile; fileRef = 74343FBD2482EC0C00D71C7D /* NotesListDelegate.swift */; };
		74343FC02482ECFA00D71C7D /* MockNotesListDelegate.swift in Sources */ = {isa = PBXBuildFile; fileRef = 74343FBF2482ECFA00D71C7D /* MockNotesListDelegate.swift */; };
		7491996624804B2A0011DCB7 /* Coordinator.swift in Sources */ = {isa = PBXBuildFile; fileRef = 7491996524804B2A0011DCB7 /* Coordinator.swift */; };
		7491996824804B350011DCB7 /* AppCoordinator.swift in Sources */ = {isa = PBXBuildFile; fileRef = 7491996724804B350011DCB7 /* AppCoordinator.swift */; };
		7491996A24804BB10011DCB7 /* CoordinatorDelegate.swift in Sources */ = {isa = PBXBuildFile; fileRef = 7491996924804BB10011DCB7 /* CoordinatorDelegate.swift */; };
		7491996D24804F310011DCB7 /* ViewModelType.swift in Sources */ = {isa = PBXBuildFile; fileRef = 7491996C24804F310011DCB7 /* ViewModelType.swift */; };
		7497E87F248023150095E77E /* AppDelegate.swift in Sources */ = {isa = PBXBuildFile; fileRef = 7497E87E248023150095E77E /* AppDelegate.swift */; };
		7497E883248023150095E77E /* NotesListViewController.swift in Sources */ = {isa = PBXBuildFile; fileRef = 7497E882248023150095E77E /* NotesListViewController.swift */; };
		7497E888248023160095E77E /* Assets.xcassets in Resources */ = {isa = PBXBuildFile; fileRef = 7497E887248023160095E77E /* Assets.xcassets */; };
		7497E88B248023160095E77E /* LaunchScreen.storyboard in Resources */ = {isa = PBXBuildFile; fileRef = 7497E889248023160095E77E /* LaunchScreen.storyboard */; };
		BF6600DA20B00FCE89149818 /* Pods_NotesApp.framework in Frameworks */ = {isa = PBXBuildFile; fileRef = 221A413EE1F95196677E9A58 /* Pods_NotesApp.framework */; };
/* End PBXBuildFile section */

/* Begin PBXContainerItemProxy section */
		7497E892248023160095E77E /* PBXContainerItemProxy */ = {
			isa = PBXContainerItemProxy;
			containerPortal = 7497E873248023140095E77E /* Project object */;
			proxyType = 1;
			remoteGlobalIDString = 7497E87A248023140095E77E;
			remoteInfo = NotesApp;
		};
/* End PBXContainerItemProxy section */

/* Begin PBXFileReference section */
		0BAF3A866A9953B07285EDA0 /* Pods-NotesAppTests.release.xcconfig */ = {isa = PBXFileReference; includeInIndex = 1; lastKnownFileType = text.xcconfig; name = "Pods-NotesAppTests.release.xcconfig"; path = "Target Support Files/Pods-NotesAppTests/Pods-NotesAppTests.release.xcconfig"; sourceTree = "<group>"; };
		1CD234C67B7F1EDDE895A4A5 /* Pods-NotesAppTests.debug.xcconfig */ = {isa = PBXFileReference; includeInIndex = 1; lastKnownFileType = text.xcconfig; name = "Pods-NotesAppTests.debug.xcconfig"; path = "Target Support Files/Pods-NotesAppTests/Pods-NotesAppTests.debug.xcconfig"; sourceTree = "<group>"; };
		221A413EE1F95196677E9A58 /* Pods_NotesApp.framework */ = {isa = PBXFileReference; explicitFileType = wrapper.framework; includeInIndex = 0; path = Pods_NotesApp.framework; sourceTree = BUILT_PRODUCTS_DIR; };
		740D617624802EF2005F9BC5 /* NotesListViewModel.swift */ = {isa = PBXFileReference; lastKnownFileType = sourcecode.swift; path = NotesListViewModel.swift; sourceTree = "<group>"; };
		740D617824802EFF005F9BC5 /* NotesListCoordinator.swift */ = {isa = PBXFileReference; lastKnownFileType = sourcecode.swift; path = NotesListCoordinator.swift; sourceTree = "<group>"; };
		740D617A24802F0D005F9BC5 /* NotesDetailsCoordinator.swift */ = {isa = PBXFileReference; lastKnownFileType = sourcecode.swift; path = NotesDetailsCoordinator.swift; sourceTree = "<group>"; };
		740D617C24802F19005F9BC5 /* NotesDetailsViewModel.swift */ = {isa = PBXFileReference; lastKnownFileType = sourcecode.swift; path = NotesDetailsViewModel.swift; sourceTree = "<group>"; };
		740D617E24802F29005F9BC5 /* NotesDetailsViewController.swift */ = {isa = PBXFileReference; lastKnownFileType = sourcecode.swift; path = NotesDetailsViewController.swift; sourceTree = "<group>"; };
		740D618024802F96005F9BC5 /* CreateNoteCoordinator.swift */ = {isa = PBXFileReference; lastKnownFileType = sourcecode.swift; path = CreateNoteCoordinator.swift; sourceTree = "<group>"; };
		740D618224802FA3005F9BC5 /* CreateNoteViewModel.swift */ = {isa = PBXFileReference; lastKnownFileType = sourcecode.swift; path = CreateNoteViewModel.swift; sourceTree = "<group>"; };
		740D618424802FB0005F9BC5 /* CreateNoteViewController.swift */ = {isa = PBXFileReference; lastKnownFileType = sourcecode.swift; path = CreateNoteViewController.swift; sourceTree = "<group>"; };
		740D6187248030F2005F9BC5 /* R.generated.swift */ = {isa = PBXFileReference; fileEncoding = 4; lastKnownFileType = sourcecode.swift; path = R.generated.swift; sourceTree = SOURCE_ROOT; };
		740D618A248046FD005F9BC5 /* ColorCatalog.xcassets */ = {isa = PBXFileReference; lastKnownFileType = folder.assetcatalog; path = ColorCatalog.xcassets; sourceTree = "<group>"; };
		740D618C248047E1005F9BC5 /* hr */ = {isa = PBXFileReference; lastKnownFileType = text.plist.strings; name = hr; path = hr.lproj/LaunchScreen.strings; sourceTree = "<group>"; };
		740D62D1248048FB005F9BC5 /* en */ = {isa = PBXFileReference; lastKnownFileType = text.plist.strings; name = en; path = en.lproj/Localizable.strings; sourceTree = "<group>"; };
		740D62D3248048FF005F9BC5 /* hr */ = {isa = PBXFileReference; lastKnownFileType = text.plist.strings; name = hr; path = hr.lproj/Localizable.strings; sourceTree = "<group>"; };
		74343F1024828F5C00D71C7D /* UserDefaultsManager.swift */ = {isa = PBXFileReference; lastKnownFileType = sourcecode.swift; path = UserDefaultsManager.swift; sourceTree = "<group>"; };
		74343F1224828FA800D71C7D /* Note.swift */ = {isa = PBXFileReference; lastKnownFileType = sourcecode.swift; path = Note.swift; sourceTree = "<group>"; };
		74343F152482983600D71C7D /* MockUserDefaults.swift */ = {isa = PBXFileReference; lastKnownFileType = sourcecode.swift; path = MockUserDefaults.swift; sourceTree = "<group>"; };
		74343F1724829C2600D71C7D /* UserDefaultsManagerTests.swift */ = {isa = PBXFileReference; lastKnownFileType = sourcecode.swift; path = UserDefaultsManagerTests.swift; sourceTree = "<group>"; };
		74343F192482BD3A00D71C7D /* NotesListViewModelTests.swift */ = {isa = PBXFileReference; lastKnownFileType = sourcecode.swift; path = NotesListViewModelTests.swift; sourceTree = "<group>"; };
		74343FBA2482D95E00D71C7D /* TableRefresh.swift */ = {isa = PBXFileReference; lastKnownFileType = sourcecode.swift; path = TableRefresh.swift; sourceTree = "<group>"; };
		74343FBD2482EC0C00D71C7D /* NotesListDelegate.swift */ = {isa = PBXFileReference; lastKnownFileType = sourcecode.swift; path = NotesListDelegate.swift; sourceTree = "<group>"; };
		74343FBF2482ECFA00D71C7D /* MockNotesListDelegate.swift */ = {isa = PBXFileReference; lastKnownFileType = sourcecode.swift; path = MockNotesListDelegate.swift; sourceTree = "<group>"; };
		7491996524804B2A0011DCB7 /* Coordinator.swift */ = {isa = PBXFileReference; lastKnownFileType = sourcecode.swift; path = Coordinator.swift; sourceTree = "<group>"; };
		7491996724804B350011DCB7 /* AppCoordinator.swift */ = {isa = PBXFileReference; lastKnownFileType = sourcecode.swift; path = AppCoordinator.swift; sourceTree = "<group>"; };
		7491996924804BB10011DCB7 /* CoordinatorDelegate.swift */ = {isa = PBXFileReference; lastKnownFileType = sourcecode.swift; path = CoordinatorDelegate.swift; sourceTree = "<group>"; };
		7491996C24804F310011DCB7 /* ViewModelType.swift */ = {isa = PBXFileReference; lastKnownFileType = sourcecode.swift; path = ViewModelType.swift; sourceTree = "<group>"; };
		7497E87B248023150095E77E /* NotesApp.app */ = {isa = PBXFileReference; explicitFileType = wrapper.application; includeInIndex = 0; path = NotesApp.app; sourceTree = BUILT_PRODUCTS_DIR; };
		7497E87E248023150095E77E /* AppDelegate.swift */ = {isa = PBXFileReference; lastKnownFileType = sourcecode.swift; path = AppDelegate.swift; sourceTree = "<group>"; };
		7497E882248023150095E77E /* NotesListViewController.swift */ = {isa = PBXFileReference; lastKnownFileType = sourcecode.swift; path = NotesListViewController.swift; sourceTree = "<group>"; };
		7497E887248023160095E77E /* Assets.xcassets */ = {isa = PBXFileReference; lastKnownFileType = folder.assetcatalog; path = Assets.xcassets; sourceTree = "<group>"; };
		7497E88A248023160095E77E /* Base */ = {isa = PBXFileReference; lastKnownFileType = file.storyboard; name = Base; path = Base.lproj/LaunchScreen.storyboard; sourceTree = "<group>"; };
		7497E88C248023160095E77E /* Info.plist */ = {isa = PBXFileReference; lastKnownFileType = text.plist.xml; path = Info.plist; sourceTree = "<group>"; };
		7497E891248023160095E77E /* NotesAppTests.xctest */ = {isa = PBXFileReference; explicitFileType = wrapper.cfbundle; includeInIndex = 0; path = NotesAppTests.xctest; sourceTree = BUILT_PRODUCTS_DIR; };
		7497E897248023160095E77E /* Info.plist */ = {isa = PBXFileReference; lastKnownFileType = text.plist.xml; path = Info.plist; sourceTree = "<group>"; };
		758CE4AA2A6AF644A98D35AE /* Pods-NotesApp.release.xcconfig */ = {isa = PBXFileReference; includeInIndex = 1; lastKnownFileType = text.xcconfig; name = "Pods-NotesApp.release.xcconfig"; path = "Target Support Files/Pods-NotesApp/Pods-NotesApp.release.xcconfig"; sourceTree = "<group>"; };
		7A7AEEC021179065ED7E4ABE /* Pods-NotesApp.debug.xcconfig */ = {isa = PBXFileReference; includeInIndex = 1; lastKnownFileType = text.xcconfig; name = "Pods-NotesApp.debug.xcconfig"; path = "Target Support Files/Pods-NotesApp/Pods-NotesApp.debug.xcconfig"; sourceTree = "<group>"; };
		818DBD9779BE1181B2A8C785 /* Pods_NotesAppTests.framework */ = {isa = PBXFileReference; explicitFileType = wrapper.framework; includeInIndex = 0; path = Pods_NotesAppTests.framework; sourceTree = BUILT_PRODUCTS_DIR; };
/* End PBXFileReference section */

/* Begin PBXFrameworksBuildPhase section */
		7497E878248023140095E77E /* Frameworks */ = {
			isa = PBXFrameworksBuildPhase;
			buildActionMask = 2147483647;
			files = (
				BF6600DA20B00FCE89149818 /* Pods_NotesApp.framework in Frameworks */,
			);
			runOnlyForDeploymentPostprocessing = 0;
		};
		7497E88E248023160095E77E /* Frameworks */ = {
			isa = PBXFrameworksBuildPhase;
			buildActionMask = 2147483647;
			files = (
				65C17A1E81A7883BC65C6D3C /* Pods_NotesAppTests.framework in Frameworks */,
			);
			runOnlyForDeploymentPostprocessing = 0;
		};
/* End PBXFrameworksBuildPhase section */

/* Begin PBXGroup section */
		07F90B3FE4ED8BA4B4912D41 /* Pods */ = {
			isa = PBXGroup;
			children = (
				7A7AEEC021179065ED7E4ABE /* Pods-NotesApp.debug.xcconfig */,
				758CE4AA2A6AF644A98D35AE /* Pods-NotesApp.release.xcconfig */,
				1CD234C67B7F1EDDE895A4A5 /* Pods-NotesAppTests.debug.xcconfig */,
				0BAF3A866A9953B07285EDA0 /* Pods-NotesAppTests.release.xcconfig */,
			);
			path = Pods;
			sourceTree = "<group>";
		};
		740D616524802A94005F9BC5 /* CreateNote */ = {
			isa = PBXGroup;
			children = (
				740D617524802B78005F9BC5 /* Coordinator */,
				740D617424802B75005F9BC5 /* ViewModel */,
				740D617324802B73005F9BC5 /* UI */,
			);
			path = CreateNote;
			sourceTree = "<group>";
		};
		740D616624802A97005F9BC5 /* NotesDetails */ = {
			isa = PBXGroup;
			children = (
				740D617224802B6F005F9BC5 /* Coordinator */,
				740D617124802B6D005F9BC5 /* ViewModel */,
				740D617024802B69005F9BC5 /* UI */,
			);
			path = NotesDetails;
			sourceTree = "<group>";
		};
		740D616724802A99005F9BC5 /* NotesList */ = {
			isa = PBXGroup;
			children = (
				74343FBC2482EBFA00D71C7D /* Delegates */,
				740D616F24802B61005F9BC5 /* Coordinator */,
				740D616E24802B5F005F9BC5 /* ViewModel */,
				740D616D24802B5C005F9BC5 /* UI */,
			);
			path = NotesList;
			sourceTree = "<group>";
		};
		740D616824802A9C005F9BC5 /* Extensions */ = {
			isa = PBXGroup;
			children = (
			);
			path = Extensions;
			sourceTree = "<group>";
		};
		740D616924802AA0005F9BC5 /* Utils */ = {
			isa = PBXGroup;
			children = (
				74343F0F24828F4700D71C7D /* UserDefaults */,
			);
			path = Utils;
			sourceTree = "<group>";
		};
		740D616A24802AA3005F9BC5 /* Delegates */ = {
			isa = PBXGroup;
			children = (
				7497E87E248023150095E77E /* AppDelegate.swift */,
				7491996924804BB10011DCB7 /* CoordinatorDelegate.swift */,
			);
			path = Delegates;
			sourceTree = "<group>";
		};
		740D616C24802AA8005F9BC5 /* Models */ = {
			isa = PBXGroup;
			children = (
				74343FB92482D94900D71C7D /* TableRefresh */,
				7491996B24804F1E0011DCB7 /* ViewModelType */,
				74343F1224828FA800D71C7D /* Note.swift */,
			);
			path = Models;
			sourceTree = "<group>";
		};
		740D616D24802B5C005F9BC5 /* UI */ = {
			isa = PBXGroup;
			children = (
				7497E882248023150095E77E /* NotesListViewController.swift */,
			);
			path = UI;
			sourceTree = "<group>";
		};
		740D616E24802B5F005F9BC5 /* ViewModel */ = {
			isa = PBXGroup;
			children = (
				740D617624802EF2005F9BC5 /* NotesListViewModel.swift */,
			);
			path = ViewModel;
			sourceTree = "<group>";
		};
		740D616F24802B61005F9BC5 /* Coordinator */ = {
			isa = PBXGroup;
			children = (
				740D617824802EFF005F9BC5 /* NotesListCoordinator.swift */,
			);
			path = Coordinator;
			sourceTree = "<group>";
		};
		740D617024802B69005F9BC5 /* UI */ = {
			isa = PBXGroup;
			children = (
				740D617E24802F29005F9BC5 /* NotesDetailsViewController.swift */,
			);
			path = UI;
			sourceTree = "<group>";
		};
		740D617124802B6D005F9BC5 /* ViewModel */ = {
			isa = PBXGroup;
			children = (
				740D617C24802F19005F9BC5 /* NotesDetailsViewModel.swift */,
			);
			path = ViewModel;
			sourceTree = "<group>";
		};
		740D617224802B6F005F9BC5 /* Coordinator */ = {
			isa = PBXGroup;
			children = (
				740D617A24802F0D005F9BC5 /* NotesDetailsCoordinator.swift */,
			);
			path = Coordinator;
			sourceTree = "<group>";
		};
		740D617324802B73005F9BC5 /* UI */ = {
			isa = PBXGroup;
			children = (
				740D618424802FB0005F9BC5 /* CreateNoteViewController.swift */,
			);
			path = UI;
			sourceTree = "<group>";
		};
		740D617424802B75005F9BC5 /* ViewModel */ = {
			isa = PBXGroup;
			children = (
				740D618224802FA3005F9BC5 /* CreateNoteViewModel.swift */,
			);
			path = ViewModel;
			sourceTree = "<group>";
		};
		740D617524802B78005F9BC5 /* Coordinator */ = {
			isa = PBXGroup;
			children = (
				740D618024802F96005F9BC5 /* CreateNoteCoordinator.swift */,
			);
			path = Coordinator;
			sourceTree = "<group>";
		};
		740D6189248030FD005F9BC5 /* Assets */ = {
			isa = PBXGroup;
			children = (
				740D62CD24804890005F9BC5 /* Localizable */,
				740D6187248030F2005F9BC5 /* R.generated.swift */,
				7497E887248023160095E77E /* Assets.xcassets */,
				740D618A248046FD005F9BC5 /* ColorCatalog.xcassets */,
			);
			path = Assets;
			sourceTree = "<group>";
		};
		740D62CD24804890005F9BC5 /* Localizable */ = {
			isa = PBXGroup;
			children = (
				740D62D2248048FB005F9BC5 /* Localizable.strings */,
			);
			path = Localizable;
			sourceTree = "<group>";
		};
		74343F0F24828F4700D71C7D /* UserDefaults */ = {
			isa = PBXGroup;
			children = (
				74343F1024828F5C00D71C7D /* UserDefaultsManager.swift */,
			);
			path = UserDefaults;
			sourceTree = "<group>";
		};
		74343F142482980100D71C7D /* Mocks */ = {
			isa = PBXGroup;
			children = (
				74343F152482983600D71C7D /* MockUserDefaults.swift */,
				74343FBF2482ECFA00D71C7D /* MockNotesListDelegate.swift */,
			);
			path = Mocks;
			sourceTree = "<group>";
		};
		74343FB92482D94900D71C7D /* TableRefresh */ = {
			isa = PBXGroup;
			children = (
				74343FBA2482D95E00D71C7D /* TableRefresh.swift */,
			);
			path = TableRefresh;
			sourceTree = "<group>";
		};
		74343FBC2482EBFA00D71C7D /* Delegates */ = {
			isa = PBXGroup;
			children = (
				74343FBD2482EC0C00D71C7D /* NotesListDelegate.swift */,
			);
			path = Delegates;
			sourceTree = "<group>";
		};
		7491996424804B190011DCB7 /* Coordinator */ = {
			isa = PBXGroup;
			children = (
				7491996524804B2A0011DCB7 /* Coordinator.swift */,
				7491996724804B350011DCB7 /* AppCoordinator.swift */,
			);
			path = Coordinator;
			sourceTree = "<group>";
		};
		7491996B24804F1E0011DCB7 /* ViewModelType */ = {
			isa = PBXGroup;
			children = (
				7491996C24804F310011DCB7 /* ViewModelType.swift */,
			);
			path = ViewModelType;
			sourceTree = "<group>";
		};
		7497E872248023140095E77E = {
			isa = PBXGroup;
			children = (
				7497E87D248023150095E77E /* NotesApp */,
				7497E894248023160095E77E /* NotesAppTests */,
				7497E87C248023150095E77E /* Products */,
				07F90B3FE4ED8BA4B4912D41 /* Pods */,
				D91DCE17EBEA1E9B01AA0A25 /* Frameworks */,
			);
			sourceTree = "<group>";
		};
		7497E87C248023150095E77E /* Products */ = {
			isa = PBXGroup;
			children = (
				7497E87B248023150095E77E /* NotesApp.app */,
				7497E891248023160095E77E /* NotesAppTests.xctest */,
			);
			name = Products;
			sourceTree = "<group>";
		};
		7497E87D248023150095E77E /* NotesApp */ = {
			isa = PBXGroup;
			children = (
				7491996424804B190011DCB7 /* Coordinator */,
				740D6189248030FD005F9BC5 /* Assets */,
				740D616C24802AA8005F9BC5 /* Models */,
				740D616A24802AA3005F9BC5 /* Delegates */,
				740D616924802AA0005F9BC5 /* Utils */,
				740D616824802A9C005F9BC5 /* Extensions */,
				740D616724802A99005F9BC5 /* NotesList */,
				740D616624802A97005F9BC5 /* NotesDetails */,
				740D616524802A94005F9BC5 /* CreateNote */,
				7497E889248023160095E77E /* LaunchScreen.storyboard */,
				7497E88C248023160095E77E /* Info.plist */,
			);
			path = NotesApp;
			sourceTree = "<group>";
		};
		7497E894248023160095E77E /* NotesAppTests */ = {
			isa = PBXGroup;
			children = (
				74343F142482980100D71C7D /* Mocks */,
				74343F1724829C2600D71C7D /* UserDefaultsManagerTests.swift */,
				74343F192482BD3A00D71C7D /* NotesListViewModelTests.swift */,
				7497E897248023160095E77E /* Info.plist */,
			);
			path = NotesAppTests;
			sourceTree = "<group>";
		};
		D91DCE17EBEA1E9B01AA0A25 /* Frameworks */ = {
			isa = PBXGroup;
			children = (
				221A413EE1F95196677E9A58 /* Pods_NotesApp.framework */,
				818DBD9779BE1181B2A8C785 /* Pods_NotesAppTests.framework */,
			);
			name = Frameworks;
			sourceTree = "<group>";
		};
/* End PBXGroup section */

/* Begin PBXNativeTarget section */
		7497E87A248023140095E77E /* NotesApp */ = {
			isa = PBXNativeTarget;
			buildConfigurationList = 7497E89A248023160095E77E /* Build configuration list for PBXNativeTarget "NotesApp" */;
			buildPhases = (
				88C36523FBD2F4A9F4A70C54 /* [CP] Check Pods Manifest.lock */,
				740D618624803057005F9BC5 /* Generate R Swift */,
				7497E877248023140095E77E /* Sources */,
				7497E878248023140095E77E /* Frameworks */,
				7497E879248023140095E77E /* Resources */,
				64B45859398CF7C6B61CFCC3 /* [CP] Embed Pods Frameworks */,
			);
			buildRules = (
			);
			dependencies = (
			);
			name = NotesApp;
			productName = NotesApp;
			productReference = 7497E87B248023150095E77E /* NotesApp.app */;
			productType = "com.apple.product-type.application";
		};
		7497E890248023160095E77E /* NotesAppTests */ = {
			isa = PBXNativeTarget;
			buildConfigurationList = 7497E89D248023160095E77E /* Build configuration list for PBXNativeTarget "NotesAppTests" */;
			buildPhases = (
				72310366B2D5C13B76A94867 /* [CP] Check Pods Manifest.lock */,
				7497E88D248023160095E77E /* Sources */,
				7497E88E248023160095E77E /* Frameworks */,
				7497E88F248023160095E77E /* Resources */,
				A3D74C526E9FAD1E506D8C2A /* [CP] Embed Pods Frameworks */,
			);
			buildRules = (
			);
			dependencies = (
				7497E893248023160095E77E /* PBXTargetDependency */,
			);
			name = NotesAppTests;
			productName = NotesAppTests;
			productReference = 7497E891248023160095E77E /* NotesAppTests.xctest */;
			productType = "com.apple.product-type.bundle.unit-test";
		};
/* End PBXNativeTarget section */

/* Begin PBXProject section */
		7497E873248023140095E77E /* Project object */ = {
			isa = PBXProject;
			attributes = {
				LastSwiftUpdateCheck = 1140;
				LastUpgradeCheck = 1140;
				ORGANIZATIONNAME = "Josip Marković";
				TargetAttributes = {
					7497E87A248023140095E77E = {
						CreatedOnToolsVersion = 11.4.1;
					};
					7497E890248023160095E77E = {
						CreatedOnToolsVersion = 11.4.1;
						TestTargetID = 7497E87A248023140095E77E;
					};
				};
			};
			buildConfigurationList = 7497E876248023140095E77E /* Build configuration list for PBXProject "NotesApp" */;
			compatibilityVersion = "Xcode 9.3";
			developmentRegion = en;
			hasScannedForEncodings = 0;
			knownRegions = (
				en,
				Base,
				hr,
			);
			mainGroup = 7497E872248023140095E77E;
			productRefGroup = 7497E87C248023150095E77E /* Products */;
			projectDirPath = "";
			projectRoot = "";
			targets = (
				7497E87A248023140095E77E /* NotesApp */,
				7497E890248023160095E77E /* NotesAppTests */,
			);
		};
/* End PBXProject section */

/* Begin PBXResourcesBuildPhase section */
		7497E879248023140095E77E /* Resources */ = {
			isa = PBXResourcesBuildPhase;
			buildActionMask = 2147483647;
			files = (
				7497E88B248023160095E77E /* LaunchScreen.storyboard in Resources */,
				740D62D0248048FB005F9BC5 /* Localizable.strings in Resources */,
				7497E888248023160095E77E /* Assets.xcassets in Resources */,
				740D618B248046FD005F9BC5 /* ColorCatalog.xcassets in Resources */,
			);
			runOnlyForDeploymentPostprocessing = 0;
		};
		7497E88F248023160095E77E /* Resources */ = {
			isa = PBXResourcesBuildPhase;
			buildActionMask = 2147483647;
			files = (
			);
			runOnlyForDeploymentPostprocessing = 0;
		};
/* End PBXResourcesBuildPhase section */

/* Begin PBXShellScriptBuildPhase section */
		64B45859398CF7C6B61CFCC3 /* [CP] Embed Pods Frameworks */ = {
			isa = PBXShellScriptBuildPhase;
			buildActionMask = 2147483647;
			files = (
			);
			inputFileListPaths = (
				"${PODS_ROOT}/Target Support Files/Pods-NotesApp/Pods-NotesApp-frameworks-${CONFIGURATION}-input-files.xcfilelist",
			);
			name = "[CP] Embed Pods Frameworks";
			outputFileListPaths = (
				"${PODS_ROOT}/Target Support Files/Pods-NotesApp/Pods-NotesApp-frameworks-${CONFIGURATION}-output-files.xcfilelist",
			);
			runOnlyForDeploymentPostprocessing = 0;
			shellPath = /bin/sh;
			shellScript = "\"${PODS_ROOT}/Target Support Files/Pods-NotesApp/Pods-NotesApp-frameworks.sh\"\n";
			showEnvVarsInLog = 0;
		};
		72310366B2D5C13B76A94867 /* [CP] Check Pods Manifest.lock */ = {
			isa = PBXShellScriptBuildPhase;
			buildActionMask = 2147483647;
			files = (
			);
			inputFileListPaths = (
			);
			inputPaths = (
				"${PODS_PODFILE_DIR_PATH}/Podfile.lock",
				"${PODS_ROOT}/Manifest.lock",
			);
			name = "[CP] Check Pods Manifest.lock";
			outputFileListPaths = (
			);
			outputPaths = (
				"$(DERIVED_FILE_DIR)/Pods-NotesAppTests-checkManifestLockResult.txt",
			);
			runOnlyForDeploymentPostprocessing = 0;
			shellPath = /bin/sh;
			shellScript = "diff \"${PODS_PODFILE_DIR_PATH}/Podfile.lock\" \"${PODS_ROOT}/Manifest.lock\" > /dev/null\nif [ $? != 0 ] ; then\n    # print error to STDERR\n    echo \"error: The sandbox is not in sync with the Podfile.lock. Run 'pod install' or update your CocoaPods installation.\" >&2\n    exit 1\nfi\n# This output is used by Xcode 'outputs' to avoid re-running this script phase.\necho \"SUCCESS\" > \"${SCRIPT_OUTPUT_FILE_0}\"\n";
			showEnvVarsInLog = 0;
		};
		740D618624803057005F9BC5 /* Generate R Swift */ = {
			isa = PBXShellScriptBuildPhase;
			buildActionMask = 2147483647;
			files = (
			);
			inputFileListPaths = (
			);
			inputPaths = (
				"$TEMP_DIR/rswift-lastrun",
			);
			name = "Generate R Swift";
			outputFileListPaths = (
			);
			outputPaths = (
				$SRCROOT/R.generated.swift,
			);
			runOnlyForDeploymentPostprocessing = 0;
			shellPath = /bin/sh;
			shellScript = "# Type a script or drag a script file from your workspace to insert its path.\n\"$PODS_ROOT/R.swift/rswift\" generate \"$SRCROOT/R.generated.swift\"\n";
		};
		88C36523FBD2F4A9F4A70C54 /* [CP] Check Pods Manifest.lock */ = {
			isa = PBXShellScriptBuildPhase;
			buildActionMask = 2147483647;
			files = (
			);
			inputFileListPaths = (
			);
			inputPaths = (
				"${PODS_PODFILE_DIR_PATH}/Podfile.lock",
				"${PODS_ROOT}/Manifest.lock",
			);
			name = "[CP] Check Pods Manifest.lock";
			outputFileListPaths = (
			);
			outputPaths = (
				"$(DERIVED_FILE_DIR)/Pods-NotesApp-checkManifestLockResult.txt",
			);
			runOnlyForDeploymentPostprocessing = 0;
			shellPath = /bin/sh;
			shellScript = "diff \"${PODS_PODFILE_DIR_PATH}/Podfile.lock\" \"${PODS_ROOT}/Manifest.lock\" > /dev/null\nif [ $? != 0 ] ; then\n    # print error to STDERR\n    echo \"error: The sandbox is not in sync with the Podfile.lock. Run 'pod install' or update your CocoaPods installation.\" >&2\n    exit 1\nfi\n# This output is used by Xcode 'outputs' to avoid re-running this script phase.\necho \"SUCCESS\" > \"${SCRIPT_OUTPUT_FILE_0}\"\n";
			showEnvVarsInLog = 0;
		};
		A3D74C526E9FAD1E506D8C2A /* [CP] Embed Pods Frameworks */ = {
			isa = PBXShellScriptBuildPhase;
			buildActionMask = 2147483647;
			files = (
			);
			inputFileListPaths = (
				"${PODS_ROOT}/Target Support Files/Pods-NotesAppTests/Pods-NotesAppTests-frameworks-${CONFIGURATION}-input-files.xcfilelist",
			);
			name = "[CP] Embed Pods Frameworks";
			outputFileListPaths = (
				"${PODS_ROOT}/Target Support Files/Pods-NotesAppTests/Pods-NotesAppTests-frameworks-${CONFIGURATION}-output-files.xcfilelist",
			);
			runOnlyForDeploymentPostprocessing = 0;
			shellPath = /bin/sh;
			shellScript = "\"${PODS_ROOT}/Target Support Files/Pods-NotesAppTests/Pods-NotesAppTests-frameworks.sh\"\n";
			showEnvVarsInLog = 0;
		};
/* End PBXShellScriptBuildPhase section */

/* Begin PBXSourcesBuildPhase section */
		7497E877248023140095E77E /* Sources */ = {
			isa = PBXSourcesBuildPhase;
			buildActionMask = 2147483647;
			files = (
				7497E883248023150095E77E /* NotesListViewController.swift in Sources */,
				740D617B24802F0D005F9BC5 /* NotesDetailsCoordinator.swift in Sources */,
				7491996824804B350011DCB7 /* AppCoordinator.swift in Sources */,
				740D617724802EF2005F9BC5 /* NotesListViewModel.swift in Sources */,
				74343F1324828FA800D71C7D /* Note.swift in Sources */,
				740D618324802FA3005F9BC5 /* CreateNoteViewModel.swift in Sources */,
				740D617F24802F29005F9BC5 /* NotesDetailsViewController.swift in Sources */,
				74343F1124828F5C00D71C7D /* UserDefaultsManager.swift in Sources */,
				740D618124802F96005F9BC5 /* CreateNoteCoordinator.swift in Sources */,
				740D617924802EFF005F9BC5 /* NotesListCoordinator.swift in Sources */,
				7491996D24804F310011DCB7 /* ViewModelType.swift in Sources */,
				7497E87F248023150095E77E /* AppDelegate.swift in Sources */,
				74343FBB2482D95E00D71C7D /* TableRefresh.swift in Sources */,
				7491996A24804BB10011DCB7 /* CoordinatorDelegate.swift in Sources */,
				74343FBE2482EC0C00D71C7D /* NotesListDelegate.swift in Sources */,
				7491996624804B2A0011DCB7 /* Coordinator.swift in Sources */,
				740D618524802FB0005F9BC5 /* CreateNoteViewController.swift in Sources */,
				740D6188248030F2005F9BC5 /* R.generated.swift in Sources */,
				740D617D24802F19005F9BC5 /* NotesDetailsViewModel.swift in Sources */,
			);
			runOnlyForDeploymentPostprocessing = 0;
		};
		7497E88D248023160095E77E /* Sources */ = {
			isa = PBXSourcesBuildPhase;
			buildActionMask = 2147483647;
			files = (
				74343FC02482ECFA00D71C7D /* MockNotesListDelegate.swift in Sources */,
				74343F1824829C2600D71C7D /* UserDefaultsManagerTests.swift in Sources */,
				74343F1A2482BD3A00D71C7D /* NotesListViewModelTests.swift in Sources */,
				74343F162482983600D71C7D /* MockUserDefaults.swift in Sources */,
			);
			runOnlyForDeploymentPostprocessing = 0;
		};
/* End PBXSourcesBuildPhase section */

/* Begin PBXTargetDependency section */
		7497E893248023160095E77E /* PBXTargetDependency */ = {
			isa = PBXTargetDependency;
			target = 7497E87A248023140095E77E /* NotesApp */;
			targetProxy = 7497E892248023160095E77E /* PBXContainerItemProxy */;
		};
/* End PBXTargetDependency section */

/* Begin PBXVariantGroup section */
		740D62D2248048FB005F9BC5 /* Localizable.strings */ = {
			isa = PBXVariantGroup;
			children = (
				740D62D1248048FB005F9BC5 /* en */,
				740D62D3248048FF005F9BC5 /* hr */,
			);
			name = Localizable.strings;
			sourceTree = "<group>";
		};
		7497E889248023160095E77E /* LaunchScreen.storyboard */ = {
			isa = PBXVariantGroup;
			children = (
				7497E88A248023160095E77E /* Base */,
				740D618C248047E1005F9BC5 /* hr */,
			);
			name = LaunchScreen.storyboard;
			sourceTree = "<group>";
		};
/* End PBXVariantGroup section */

/* Begin XCBuildConfiguration section */
		7497E898248023160095E77E /* Debug */ = {
			isa = XCBuildConfiguration;
			buildSettings = {
				ALWAYS_SEARCH_USER_PATHS = NO;
				CLANG_ANALYZER_LOCALIZABILITY_NONLOCALIZED = YES;
				CLANG_ANALYZER_NONNULL = YES;
				CLANG_ANALYZER_NUMBER_OBJECT_CONVERSION = YES_AGGRESSIVE;
				CLANG_CXX_LANGUAGE_STANDARD = "gnu++14";
				CLANG_CXX_LIBRARY = "libc++";
				CLANG_ENABLE_MODULES = YES;
				CLANG_ENABLE_OBJC_ARC = YES;
				CLANG_ENABLE_OBJC_WEAK = YES;
				CLANG_WARN_BLOCK_CAPTURE_AUTORELEASING = YES;
				CLANG_WARN_BOOL_CONVERSION = YES;
				CLANG_WARN_COMMA = YES;
				CLANG_WARN_CONSTANT_CONVERSION = YES;
				CLANG_WARN_DEPRECATED_OBJC_IMPLEMENTATIONS = YES;
				CLANG_WARN_DIRECT_OBJC_ISA_USAGE = YES_ERROR;
				CLANG_WARN_DOCUMENTATION_COMMENTS = YES;
				CLANG_WARN_EMPTY_BODY = YES;
				CLANG_WARN_ENUM_CONVERSION = YES;
				CLANG_WARN_INFINITE_RECURSION = YES;
				CLANG_WARN_INT_CONVERSION = YES;
				CLANG_WARN_NON_LITERAL_NULL_CONVERSION = YES;
				CLANG_WARN_OBJC_IMPLICIT_RETAIN_SELF = YES;
				CLANG_WARN_OBJC_LITERAL_CONVERSION = YES;
				CLANG_WARN_OBJC_ROOT_CLASS = YES_ERROR;
				CLANG_WARN_RANGE_LOOP_ANALYSIS = YES;
				CLANG_WARN_STRICT_PROTOTYPES = YES;
				CLANG_WARN_SUSPICIOUS_MOVE = YES;
				CLANG_WARN_UNGUARDED_AVAILABILITY = YES_AGGRESSIVE;
				CLANG_WARN_UNREACHABLE_CODE = YES;
				CLANG_WARN__DUPLICATE_METHOD_MATCH = YES;
				COPY_PHASE_STRIP = NO;
				DEBUG_INFORMATION_FORMAT = dwarf;
				ENABLE_STRICT_OBJC_MSGSEND = YES;
				ENABLE_TESTABILITY = YES;
				GCC_C_LANGUAGE_STANDARD = gnu11;
				GCC_DYNAMIC_NO_PIC = NO;
				GCC_NO_COMMON_BLOCKS = YES;
				GCC_OPTIMIZATION_LEVEL = 0;
				GCC_PREPROCESSOR_DEFINITIONS = (
					"DEBUG=1",
					"$(inherited)",
				);
				GCC_WARN_64_TO_32_BIT_CONVERSION = YES;
				GCC_WARN_ABOUT_RETURN_TYPE = YES_ERROR;
				GCC_WARN_UNDECLARED_SELECTOR = YES;
				GCC_WARN_UNINITIALIZED_AUTOS = YES_AGGRESSIVE;
				GCC_WARN_UNUSED_FUNCTION = YES;
				GCC_WARN_UNUSED_VARIABLE = YES;
				IPHONEOS_DEPLOYMENT_TARGET = 13.4;
				MTL_ENABLE_DEBUG_INFO = INCLUDE_SOURCE;
				MTL_FAST_MATH = YES;
				ONLY_ACTIVE_ARCH = YES;
				SDKROOT = iphoneos;
				SWIFT_ACTIVE_COMPILATION_CONDITIONS = DEBUG;
				SWIFT_OPTIMIZATION_LEVEL = "-Onone";
			};
			name = Debug;
		};
		7497E899248023160095E77E /* Release */ = {
			isa = XCBuildConfiguration;
			buildSettings = {
				ALWAYS_SEARCH_USER_PATHS = NO;
				CLANG_ANALYZER_LOCALIZABILITY_NONLOCALIZED = YES;
				CLANG_ANALYZER_NONNULL = YES;
				CLANG_ANALYZER_NUMBER_OBJECT_CONVERSION = YES_AGGRESSIVE;
				CLANG_CXX_LANGUAGE_STANDARD = "gnu++14";
				CLANG_CXX_LIBRARY = "libc++";
				CLANG_ENABLE_MODULES = YES;
				CLANG_ENABLE_OBJC_ARC = YES;
				CLANG_ENABLE_OBJC_WEAK = YES;
				CLANG_WARN_BLOCK_CAPTURE_AUTORELEASING = YES;
				CLANG_WARN_BOOL_CONVERSION = YES;
				CLANG_WARN_COMMA = YES;
				CLANG_WARN_CONSTANT_CONVERSION = YES;
				CLANG_WARN_DEPRECATED_OBJC_IMPLEMENTATIONS = YES;
				CLANG_WARN_DIRECT_OBJC_ISA_USAGE = YES_ERROR;
				CLANG_WARN_DOCUMENTATION_COMMENTS = YES;
				CLANG_WARN_EMPTY_BODY = YES;
				CLANG_WARN_ENUM_CONVERSION = YES;
				CLANG_WARN_INFINITE_RECURSION = YES;
				CLANG_WARN_INT_CONVERSION = YES;
				CLANG_WARN_NON_LITERAL_NULL_CONVERSION = YES;
				CLANG_WARN_OBJC_IMPLICIT_RETAIN_SELF = YES;
				CLANG_WARN_OBJC_LITERAL_CONVERSION = YES;
				CLANG_WARN_OBJC_ROOT_CLASS = YES_ERROR;
				CLANG_WARN_RANGE_LOOP_ANALYSIS = YES;
				CLANG_WARN_STRICT_PROTOTYPES = YES;
				CLANG_WARN_SUSPICIOUS_MOVE = YES;
				CLANG_WARN_UNGUARDED_AVAILABILITY = YES_AGGRESSIVE;
				CLANG_WARN_UNREACHABLE_CODE = YES;
				CLANG_WARN__DUPLICATE_METHOD_MATCH = YES;
				COPY_PHASE_STRIP = NO;
				DEBUG_INFORMATION_FORMAT = "dwarf-with-dsym";
				ENABLE_NS_ASSERTIONS = NO;
				ENABLE_STRICT_OBJC_MSGSEND = YES;
				GCC_C_LANGUAGE_STANDARD = gnu11;
				GCC_NO_COMMON_BLOCKS = YES;
				GCC_WARN_64_TO_32_BIT_CONVERSION = YES;
				GCC_WARN_ABOUT_RETURN_TYPE = YES_ERROR;
				GCC_WARN_UNDECLARED_SELECTOR = YES;
				GCC_WARN_UNINITIALIZED_AUTOS = YES_AGGRESSIVE;
				GCC_WARN_UNUSED_FUNCTION = YES;
				GCC_WARN_UNUSED_VARIABLE = YES;
				IPHONEOS_DEPLOYMENT_TARGET = 13.4;
				MTL_ENABLE_DEBUG_INFO = NO;
				MTL_FAST_MATH = YES;
				SDKROOT = iphoneos;
				SWIFT_COMPILATION_MODE = wholemodule;
				SWIFT_OPTIMIZATION_LEVEL = "-O";
				VALIDATE_PRODUCT = YES;
			};
			name = Release;
		};
		7497E89B248023160095E77E /* Debug */ = {
			isa = XCBuildConfiguration;
			baseConfigurationReference = 7A7AEEC021179065ED7E4ABE /* Pods-NotesApp.debug.xcconfig */;
			buildSettings = {
				ASSETCATALOG_COMPILER_APPICON_NAME = AppIcon;
				CODE_SIGN_STYLE = Automatic;
				INFOPLIST_FILE = NotesApp/Info.plist;
				LD_RUNPATH_SEARCH_PATHS = (
					"$(inherited)",
					"@executable_path/Frameworks",
				);
				PRODUCT_BUNDLE_IDENTIFIER = josip.markovic.NotesApp;
				PRODUCT_NAME = "$(TARGET_NAME)";
				SWIFT_VERSION = 5.0;
				TARGETED_DEVICE_FAMILY = "1,2";
			};
			name = Debug;
		};
		7497E89C248023160095E77E /* Release */ = {
			isa = XCBuildConfiguration;
			baseConfigurationReference = 758CE4AA2A6AF644A98D35AE /* Pods-NotesApp.release.xcconfig */;
			buildSettings = {
				ASSETCATALOG_COMPILER_APPICON_NAME = AppIcon;
				CODE_SIGN_STYLE = Automatic;
				INFOPLIST_FILE = NotesApp/Info.plist;
				LD_RUNPATH_SEARCH_PATHS = (
					"$(inherited)",
					"@executable_path/Frameworks",
				);
				PRODUCT_BUNDLE_IDENTIFIER = josip.markovic.NotesApp;
				PRODUCT_NAME = "$(TARGET_NAME)";
				SWIFT_VERSION = 5.0;
				TARGETED_DEVICE_FAMILY = "1,2";
			};
			name = Release;
		};
		7497E89E248023160095E77E /* Debug */ = {
			isa = XCBuildConfiguration;
			baseConfigurationReference = 1CD234C67B7F1EDDE895A4A5 /* Pods-NotesAppTests.debug.xcconfig */;
			buildSettings = {
				ALWAYS_EMBED_SWIFT_STANDARD_LIBRARIES = YES;
				BUNDLE_LOADER = "$(TEST_HOST)";
				CODE_SIGN_STYLE = Automatic;
				INFOPLIST_FILE = NotesAppTests/Info.plist;
				IPHONEOS_DEPLOYMENT_TARGET = 13.4;
				LD_RUNPATH_SEARCH_PATHS = (
					"$(inherited)",
					"@executable_path/Frameworks",
					"@loader_path/Frameworks",
				);
				PRODUCT_BUNDLE_IDENTIFIER = josip.markovic.NotesAppTests;
				PRODUCT_NAME = "$(TARGET_NAME)";
				SWIFT_VERSION = 5.0;
				TARGETED_DEVICE_FAMILY = "1,2";
				TEST_HOST = "$(BUILT_PRODUCTS_DIR)/NotesApp.app/NotesApp";
			};
			name = Debug;
		};
		7497E89F248023160095E77E /* Release */ = {
			isa = XCBuildConfiguration;
			baseConfigurationReference = 0BAF3A866A9953B07285EDA0 /* Pods-NotesAppTests.release.xcconfig */;
			buildSettings = {
				ALWAYS_EMBED_SWIFT_STANDARD_LIBRARIES = YES;
				BUNDLE_LOADER = "$(TEST_HOST)";
				CODE_SIGN_STYLE = Automatic;
				INFOPLIST_FILE = NotesAppTests/Info.plist;
				IPHONEOS_DEPLOYMENT_TARGET = 13.4;
				LD_RUNPATH_SEARCH_PATHS = (
					"$(inherited)",
					"@executable_path/Frameworks",
					"@loader_path/Frameworks",
				);
				PRODUCT_BUNDLE_IDENTIFIER = josip.markovic.NotesAppTests;
				PRODUCT_NAME = "$(TARGET_NAME)";
				SWIFT_VERSION = 5.0;
				TARGETED_DEVICE_FAMILY = "1,2";
				TEST_HOST = "$(BUILT_PRODUCTS_DIR)/NotesApp.app/NotesApp";
			};
			name = Release;
		};
/* End XCBuildConfiguration section */

/* Begin XCConfigurationList section */
		7497E876248023140095E77E /* Build configuration list for PBXProject "NotesApp" */ = {
			isa = XCConfigurationList;
			buildConfigurations = (
				7497E898248023160095E77E /* Debug */,
				7497E899248023160095E77E /* Release */,
			);
			defaultConfigurationIsVisible = 0;
			defaultConfigurationName = Release;
		};
		7497E89A248023160095E77E /* Build configuration list for PBXNativeTarget "NotesApp" */ = {
			isa = XCConfigurationList;
			buildConfigurations = (
				7497E89B248023160095E77E /* Debug */,
				7497E89C248023160095E77E /* Release */,
			);
			defaultConfigurationIsVisible = 0;
			defaultConfigurationName = Release;
		};
		7497E89D248023160095E77E /* Build configuration list for PBXNativeTarget "NotesAppTests" */ = {
			isa = XCConfigurationList;
			buildConfigurations = (
				7497E89E248023160095E77E /* Debug */,
				7497E89F248023160095E77E /* Release */,
			);
			defaultConfigurationIsVisible = 0;
			defaultConfigurationName = Release;
		};
/* End XCConfigurationList section */
	};
	rootObject = 7497E873248023140095E77E /* Project object */;
}
